
Microsoft Visual Studio Solution File, Format Version 12.00
# Visual Studio Version 17
VisualStudioVersion = 17.14.36616.10 d17.14
MinimumVisualStudioVersion = 10.0.40219.1
Project("{FAE04EC0-301F-11D3-BF4B-00C04F79EFBC}") = "Ricerca Dicotomica", "Ricerca Dicotomica\Ricerca Dicotomica.csproj", "{34048D69-3EBD-43A7-A601-7362BC5544EB}"
EndProject
Global
	GlobalSection(SolutionConfigurationPlatforms) = preSolution
		Debug|Any CPU = Debug|Any CPU
		Release|Any CPU = Release|Any CPU
	EndGlobalSection
	GlobalSection(ProjectConfigurationPlatforms) = postSolution
		{34048D69-3EBD-43A7-A601-7362BC5544EB}.Debug|Any CPU.ActiveCfg = Debug|Any CPU
		{34048D69-3EBD-43A7-A601-7362BC5544EB}.Debug|Any CPU.Build.0 = Debug|Any CPU
		{34048D69-3EBD-43A7-A601-7362BC5544EB}.Release|Any CPU.ActiveCfg = Release|Any CPU
		{34048D69-3EBD-43A7-A601-7362BC5544EB}.Release|Any CPU.Build.0 = Release|Any CPU
	EndGlobalSection
	GlobalSection(SolutionProperties) = preSolution
		HideSolutionNode = FALSE
	EndGlobalSection
	GlobalSection(ExtensibilityGlobals) = postSolution
		SolutionGuid = {D2960275-4414-4B3A-B113-DA8DAA19C313}
	EndGlobalSection
EndGlobal
