
Microsoft Visual Studio Solution File, Format Version 12.00
# Visual Studio Version 17
VisualStudioVersion = 17.13.35931.197 d17.13
MinimumVisualStudioVersion = 10.0.40219.1
Project("{FAE04EC0-301F-11D3-BF4B-00C04F79EFBC}") = "Es 14 Pag 115", "Es 14 Pag 115\Es 14 Pag 115.csproj", "{4436394A-89B0-4A7F-A664-8B29C0F1D86A}"
EndProject
Global
	GlobalSection(SolutionConfigurationPlatforms) = preSolution
		Debug|Any CPU = Debug|Any CPU
		Release|Any CPU = Release|Any CPU
	EndGlobalSection
	GlobalSection(ProjectConfigurationPlatforms) = postSolution
		{4436394A-89B0-4A7F-A664-8B29C0F1D86A}.Debug|Any CPU.ActiveCfg = Debug|Any CPU
		{4436394A-89B0-4A7F-A664-8B29C0F1D86A}.Debug|Any CPU.Build.0 = Debug|Any CPU
		{4436394A-89B0-4A7F-A664-8B29C0F1D86A}.Release|Any CPU.ActiveCfg = Release|Any CPU
		{4436394A-89B0-4A7F-A664-8B29C0F1D86A}.Release|Any CPU.Build.0 = Release|Any CPU
	EndGlobalSection
	GlobalSection(SolutionProperties) = preSolution
		HideSolutionNode = FALSE
	EndGlobalSection
	GlobalSection(ExtensibilityGlobals) = postSolution
		SolutionGuid = {94231369-7F61-49D6-A769-34B4B4C1D4D9}
	EndGlobalSection
EndGlobal
