
Microsoft Visual Studio Solution File, Format Version 12.00
# Visual Studio Version 17
VisualStudioVersion = 17.14.36616.10 d17.14
MinimumVisualStudioVersion = 10.0.40219.1
Project("{FAE04EC0-301F-11D3-BF4B-00C04F79EFBC}") = "Es 15 Pag 115", "Es 15 Pag 115\Es 15 Pag 115.csproj", "{FD0A3617-0E41-421B-A6F1-046D976C5713}"
EndProject
Global
	GlobalSection(SolutionConfigurationPlatforms) = preSolution
		Debug|Any CPU = Debug|Any CPU
		Release|Any CPU = Release|Any CPU
	EndGlobalSection
	GlobalSection(ProjectConfigurationPlatforms) = postSolution
		{FD0A3617-0E41-421B-A6F1-046D976C5713}.Debug|Any CPU.ActiveCfg = Debug|Any CPU
		{FD0A3617-0E41-421B-A6F1-046D976C5713}.Debug|Any CPU.Build.0 = Debug|Any CPU
		{FD0A3617-0E41-421B-A6F1-046D976C5713}.Release|Any CPU.ActiveCfg = Release|Any CPU
		{FD0A3617-0E41-421B-A6F1-046D976C5713}.Release|Any CPU.Build.0 = Release|Any CPU
	EndGlobalSection
	GlobalSection(SolutionProperties) = preSolution
		HideSolutionNode = FALSE
	EndGlobalSection
	GlobalSection(ExtensibilityGlobals) = postSolution
		SolutionGuid = {5FAD9CC5-842A-49E6-A127-747C91CB955C}
	EndGlobalSection
EndGlobal
