
Microsoft Visual Studio Solution File, Format Version 12.00
# Visual Studio Version 17
VisualStudioVersion = 17.14.36616.10 d17.14
MinimumVisualStudioVersion = 10.0.40219.1
Project("{FAE04EC0-301F-11D3-BF4B-00C04F79EFBC}") = "PerroneSirio", "PerroneSirio\PerroneSirio.csproj", "{5B1F5BCD-A488-4076-AD66-C5D961055687}"
EndProject
Global
	GlobalSection(SolutionConfigurationPlatforms) = preSolution
		Debug|Any CPU = Debug|Any CPU
		Release|Any CPU = Release|Any CPU
	EndGlobalSection
	GlobalSection(ProjectConfigurationPlatforms) = postSolution
		{5B1F5BCD-A488-4076-AD66-C5D961055687}.Debug|Any CPU.ActiveCfg = Debug|Any CPU
		{5B1F5BCD-A488-4076-AD66-C5D961055687}.Debug|Any CPU.Build.0 = Debug|Any CPU
		{5B1F5BCD-A488-4076-AD66-C5D961055687}.Release|Any CPU.ActiveCfg = Release|Any CPU
		{5B1F5BCD-A488-4076-AD66-C5D961055687}.Release|Any CPU.Build.0 = Release|Any CPU
	EndGlobalSection
	GlobalSection(SolutionProperties) = preSolution
		HideSolutionNode = FALSE
	EndGlobalSection
	GlobalSection(ExtensibilityGlobals) = postSolution
		SolutionGuid = {56390CB0-BCCC-4698-A8D8-D48895236DD6}
	EndGlobalSection
EndGlobal
