
Microsoft Visual Studio Solution File, Format Version 12.00
# Visual Studio Version 17
VisualStudioVersion = 17.14.36616.10 d17.14
MinimumVisualStudioVersion = 10.0.40219.1
Project("{FAE04EC0-301F-11D3-BF4B-00C04F79EFBC}") = "Es 3 Pag 115", "Es 3 Pag 115\Es 3 Pag 115.csproj", "{393B6188-52A1-4350-B5B3-2273E41FB0E9}"
EndProject
Global
	GlobalSection(SolutionConfigurationPlatforms) = preSolution
		Debug|Any CPU = Debug|Any CPU
		Release|Any CPU = Release|Any CPU
	EndGlobalSection
	GlobalSection(ProjectConfigurationPlatforms) = postSolution
		{393B6188-52A1-4350-B5B3-2273E41FB0E9}.Debug|Any CPU.ActiveCfg = Debug|Any CPU
		{393B6188-52A1-4350-B5B3-2273E41FB0E9}.Debug|Any CPU.Build.0 = Debug|Any CPU
		{393B6188-52A1-4350-B5B3-2273E41FB0E9}.Release|Any CPU.ActiveCfg = Release|Any CPU
		{393B6188-52A1-4350-B5B3-2273E41FB0E9}.Release|Any CPU.Build.0 = Release|Any CPU
	EndGlobalSection
	GlobalSection(SolutionProperties) = preSolution
		HideSolutionNode = FALSE
	EndGlobalSection
	GlobalSection(ExtensibilityGlobals) = postSolution
		SolutionGuid = {0F49C10E-E5B2-4C8B-B89E-4A684AEF7BC6}
	EndGlobalSection
EndGlobal
