
Microsoft Visual Studio Solution File, Format Version 12.00
# Visual Studio Version 17
VisualStudioVersion = 17.14.36616.10 d17.14
MinimumVisualStudioVersion = 10.0.40219.1
Project("{FAE04EC0-301F-11D3-BF4B-00C04F79EFBC}") = "Es 13 Pag 115", "Es 13 Pag 115\Es 13 Pag 115.csproj", "{4B88074F-7B7F-4386-A2E4-A0CADAF9E622}"
EndProject
Global
	GlobalSection(SolutionConfigurationPlatforms) = preSolution
		Debug|Any CPU = Debug|Any CPU
		Release|Any CPU = Release|Any CPU
	EndGlobalSection
	GlobalSection(ProjectConfigurationPlatforms) = postSolution
		{4B88074F-7B7F-4386-A2E4-A0CADAF9E622}.Debug|Any CPU.ActiveCfg = Debug|Any CPU
		{4B88074F-7B7F-4386-A2E4-A0CADAF9E622}.Debug|Any CPU.Build.0 = Debug|Any CPU
		{4B88074F-7B7F-4386-A2E4-A0CADAF9E622}.Release|Any CPU.ActiveCfg = Release|Any CPU
		{4B88074F-7B7F-4386-A2E4-A0CADAF9E622}.Release|Any CPU.Build.0 = Release|Any CPU
	EndGlobalSection
	GlobalSection(SolutionProperties) = preSolution
		HideSolutionNode = FALSE
	EndGlobalSection
	GlobalSection(ExtensibilityGlobals) = postSolution
		SolutionGuid = {DB0405E5-C116-4E93-B47F-A70997938DAF}
	EndGlobalSection
EndGlobal
