
Microsoft Visual Studio Solution File, Format Version 12.00
# Visual Studio Version 17
VisualStudioVersion = 17.13.35931.197 d17.13
MinimumVisualStudioVersion = 10.0.40219.1
Project("{FAE04EC0-301F-11D3-BF4B-00C04F79EFBC}") = "Es 36 Pag 85", "Es 36 Pag 85\Es 36 Pag 85.csproj", "{ABFD759D-D165-4734-AE7D-51C57DD20F8E}"
EndProject
Global
	GlobalSection(SolutionConfigurationPlatforms) = preSolution
		Debug|Any CPU = Debug|Any CPU
		Release|Any CPU = Release|Any CPU
	EndGlobalSection
	GlobalSection(ProjectConfigurationPlatforms) = postSolution
		{ABFD759D-D165-4734-AE7D-51C57DD20F8E}.Debug|Any CPU.ActiveCfg = Debug|Any CPU
		{ABFD759D-D165-4734-AE7D-51C57DD20F8E}.Debug|Any CPU.Build.0 = Debug|Any CPU
		{ABFD759D-D165-4734-AE7D-51C57DD20F8E}.Release|Any CPU.ActiveCfg = Release|Any CPU
		{ABFD759D-D165-4734-AE7D-51C57DD20F8E}.Release|Any CPU.Build.0 = Release|Any CPU
	EndGlobalSection
	GlobalSection(SolutionProperties) = preSolution
		HideSolutionNode = FALSE
	EndGlobalSection
	GlobalSection(ExtensibilityGlobals) = postSolution
		SolutionGuid = {73D1D170-CF9C-4002-87BE-85E3A15BAF45}
	EndGlobalSection
EndGlobal
