
Microsoft Visual Studio Solution File, Format Version 12.00
# Visual Studio Version 17
VisualStudioVersion = 17.13.35931.197 d17.13
MinimumVisualStudioVersion = 10.0.40219.1
Project("{FAE04EC0-301F-11D3-BF4B-00C04F79EFBC}") = "Es 32 Pag 85", "Es 32 Pag 85\Es 32 Pag 85.csproj", "{3895BB87-5B2E-4DE6-A507-EA8868883368}"
EndProject
Global
	GlobalSection(SolutionConfigurationPlatforms) = preSolution
		Debug|Any CPU = Debug|Any CPU
		Release|Any CPU = Release|Any CPU
	EndGlobalSection
	GlobalSection(ProjectConfigurationPlatforms) = postSolution
		{3895BB87-5B2E-4DE6-A507-EA8868883368}.Debug|Any CPU.ActiveCfg = Debug|Any CPU
		{3895BB87-5B2E-4DE6-A507-EA8868883368}.Debug|Any CPU.Build.0 = Debug|Any CPU
		{3895BB87-5B2E-4DE6-A507-EA8868883368}.Release|Any CPU.ActiveCfg = Release|Any CPU
		{3895BB87-5B2E-4DE6-A507-EA8868883368}.Release|Any CPU.Build.0 = Release|Any CPU
	EndGlobalSection
	GlobalSection(SolutionProperties) = preSolution
		HideSolutionNode = FALSE
	EndGlobalSection
	GlobalSection(ExtensibilityGlobals) = postSolution
		SolutionGuid = {4005323C-481A-449C-967F-593BFEBAD865}
	EndGlobalSection
EndGlobal
