
Microsoft Visual Studio Solution File, Format Version 12.00
# Visual Studio Version 17
VisualStudioVersion = 17.13.35931.197 d17.13
MinimumVisualStudioVersion = 10.0.40219.1
Project("{FAE04EC0-301F-11D3-BF4B-00C04F79EFBC}") = "Es 16 Pag 115", "Es 16 Pag 115\Es 16 Pag 115.csproj", "{0E4C9854-4969-428A-B829-4273C843BBEE}"
EndProject
Global
	GlobalSection(SolutionConfigurationPlatforms) = preSolution
		Debug|Any CPU = Debug|Any CPU
		Release|Any CPU = Release|Any CPU
	EndGlobalSection
	GlobalSection(ProjectConfigurationPlatforms) = postSolution
		{0E4C9854-4969-428A-B829-4273C843BBEE}.Debug|Any CPU.ActiveCfg = Debug|Any CPU
		{0E4C9854-4969-428A-B829-4273C843BBEE}.Debug|Any CPU.Build.0 = Debug|Any CPU
		{0E4C9854-4969-428A-B829-4273C843BBEE}.Release|Any CPU.ActiveCfg = Release|Any CPU
		{0E4C9854-4969-428A-B829-4273C843BBEE}.Release|Any CPU.Build.0 = Release|Any CPU
	EndGlobalSection
	GlobalSection(SolutionProperties) = preSolution
		HideSolutionNode = FALSE
	EndGlobalSection
	GlobalSection(ExtensibilityGlobals) = postSolution
		SolutionGuid = {79A85F45-23A6-4EE9-8331-D16A7FAED6B0}
	EndGlobalSection
EndGlobal
