
Microsoft Visual Studio Solution File, Format Version 12.00
# Visual Studio Version 17
VisualStudioVersion = 17.13.35931.197 d17.13
MinimumVisualStudioVersion = 10.0.40219.1
Project("{FAE04EC0-301F-11D3-BF4B-00C04F79EFBC}") = "Es 20 Pag 84", "Es 20 Pag 84\Es 20 Pag 84.csproj", "{60AA2D2C-A722-45E5-9CE7-A474B3271DA3}"
EndProject
Global
	GlobalSection(SolutionConfigurationPlatforms) = preSolution
		Debug|Any CPU = Debug|Any CPU
		Release|Any CPU = Release|Any CPU
	EndGlobalSection
	GlobalSection(ProjectConfigurationPlatforms) = postSolution
		{60AA2D2C-A722-45E5-9CE7-A474B3271DA3}.Debug|Any CPU.ActiveCfg = Debug|Any CPU
		{60AA2D2C-A722-45E5-9CE7-A474B3271DA3}.Debug|Any CPU.Build.0 = Debug|Any CPU
		{60AA2D2C-A722-45E5-9CE7-A474B3271DA3}.Release|Any CPU.ActiveCfg = Release|Any CPU
		{60AA2D2C-A722-45E5-9CE7-A474B3271DA3}.Release|Any CPU.Build.0 = Release|Any CPU
	EndGlobalSection
	GlobalSection(SolutionProperties) = preSolution
		HideSolutionNode = FALSE
	EndGlobalSection
	GlobalSection(ExtensibilityGlobals) = postSolution
		SolutionGuid = {FFF85C17-346E-464B-A517-F20D7F469412}
	EndGlobalSection
EndGlobal
