
Microsoft Visual Studio Solution File, Format Version 12.00
# Visual Studio Version 17
VisualStudioVersion = 17.14.36616.10 d17.14
MinimumVisualStudioVersion = 10.0.40219.1
Project("{FAE04EC0-301F-11D3-BF4B-00C04F79EFBC}") = "Correzione Verifica 2 TEORIA (Es 3)", "Correzione Verifica 2 TEORIA (Es 3)\Correzione Verifica 2 TEORIA (Es 3).csproj", "{75CE4A30-0B87-4730-A75A-C9C68F12A4E9}"
EndProject
Global
	GlobalSection(SolutionConfigurationPlatforms) = preSolution
		Debug|Any CPU = Debug|Any CPU
		Release|Any CPU = Release|Any CPU
	EndGlobalSection
	GlobalSection(ProjectConfigurationPlatforms) = postSolution
		{75CE4A30-0B87-4730-A75A-C9C68F12A4E9}.Debug|Any CPU.ActiveCfg = Debug|Any CPU
		{75CE4A30-0B87-4730-A75A-C9C68F12A4E9}.Debug|Any CPU.Build.0 = Debug|Any CPU
		{75CE4A30-0B87-4730-A75A-C9C68F12A4E9}.Release|Any CPU.ActiveCfg = Release|Any CPU
		{75CE4A30-0B87-4730-A75A-C9C68F12A4E9}.Release|Any CPU.Build.0 = Release|Any CPU
	EndGlobalSection
	GlobalSection(SolutionProperties) = preSolution
		HideSolutionNode = FALSE
	EndGlobalSection
	GlobalSection(ExtensibilityGlobals) = postSolution
		SolutionGuid = {B5BECD85-FA6B-4EDB-B2E3-5A99943157D0}
	EndGlobalSection
EndGlobal
