
Microsoft Visual Studio Solution File, Format Version 12.00
# Visual Studio Version 17
VisualStudioVersion = 17.3.32901.215
MinimumVisualStudioVersion = 10.0.40219.1
Project("{FAE04EC0-301F-11D3-BF4B-00C04F79EFBC}") = "Lezione 29 01 2026 LAB", "Lezione 29 01 2026 LAB\Lezione 29 01 2026 LAB.csproj", "{F593D606-DD0A-4ED5-B314-61D94BA32108}"
EndProject
Global
	GlobalSection(SolutionConfigurationPlatforms) = preSolution
		Debug|Any CPU = Debug|Any CPU
		Release|Any CPU = Release|Any CPU
	EndGlobalSection
	GlobalSection(ProjectConfigurationPlatforms) = postSolution
		{F593D606-DD0A-4ED5-B314-61D94BA32108}.Debug|Any CPU.ActiveCfg = Debug|Any CPU
		{F593D606-DD0A-4ED5-B314-61D94BA32108}.Debug|Any CPU.Build.0 = Debug|Any CPU
		{F593D606-DD0A-4ED5-B314-61D94BA32108}.Release|Any CPU.ActiveCfg = Release|Any CPU
		{F593D606-DD0A-4ED5-B314-61D94BA32108}.Release|Any CPU.Build.0 = Release|Any CPU
	EndGlobalSection
	GlobalSection(SolutionProperties) = preSolution
		HideSolutionNode = FALSE
	EndGlobalSection
	GlobalSection(ExtensibilityGlobals) = postSolution
		SolutionGuid = {BB836322-6C4A-45B5-ADF0-A05143855E7C}
	EndGlobalSection
EndGlobal
