
Microsoft Visual Studio Solution File, Format Version 12.00
# Visual Studio Version 17
VisualStudioVersion = 17.14.36616.10 d17.14
MinimumVisualStudioVersion = 10.0.40219.1
Project("{FAE04EC0-301F-11D3-BF4B-00C04F79EFBC}") = "Esercizio_01", "Esercizio_01\Esercizio_01.csproj", "{8590E65A-C21E-4123-ACD9-E2D6ACD7DD39}"
EndProject
Global
	GlobalSection(SolutionConfigurationPlatforms) = preSolution
		Debug|Any CPU = Debug|Any CPU
		Release|Any CPU = Release|Any CPU
	EndGlobalSection
	GlobalSection(ProjectConfigurationPlatforms) = postSolution
		{8590E65A-C21E-4123-ACD9-E2D6ACD7DD39}.Debug|Any CPU.ActiveCfg = Debug|Any CPU
		{8590E65A-C21E-4123-ACD9-E2D6ACD7DD39}.Debug|Any CPU.Build.0 = Debug|Any CPU
		{8590E65A-C21E-4123-ACD9-E2D6ACD7DD39}.Release|Any CPU.ActiveCfg = Release|Any CPU
		{8590E65A-C21E-4123-ACD9-E2D6ACD7DD39}.Release|Any CPU.Build.0 = Release|Any CPU
	EndGlobalSection
	GlobalSection(SolutionProperties) = preSolution
		HideSolutionNode = FALSE
	EndGlobalSection
	GlobalSection(ExtensibilityGlobals) = postSolution
		SolutionGuid = {2DB5EA5E-5579-4D47-AEC8-19A6800DCFC5}
	EndGlobalSection
EndGlobal
